
Microsoft Visual Studio Solution File, Format Version 12.00
# Visual Studio Version 16
VisualStudioVersion = 16.0.29403.142
MinimumVisualStudioVersion = 10.0.40219.1
Project("{FAE04EC0-301F-11D3-BF4B-00C04F79EFBC}") = "WFA191125", "WFA191125\WFA191125.csproj", "{F7F45347-B60F-42B5-91CD-B5CDECEAFD4F}"
EndProject
Global
	GlobalSection(SolutionConfigurationPlatforms) = preSolution
		Debug|Any CPU = Debug|Any CPU
		Release|Any CPU = Release|Any CPU
	EndGlobalSection
	GlobalSection(ProjectConfigurationPlatforms) = postSolution
		{F7F45347-B60F-42B5-91CD-B5CDECEAFD4F}.Debug|Any CPU.ActiveCfg = Debug|Any CPU
		{F7F45347-B60F-42B5-91CD-B5CDECEAFD4F}.Debug|Any CPU.Build.0 = Debug|Any CPU
		{F7F45347-B60F-42B5-91CD-B5CDECEAFD4F}.Release|Any CPU.ActiveCfg = Release|Any CPU
		{F7F45347-B60F-42B5-91CD-B5CDECEAFD4F}.Release|Any CPU.Build.0 = Release|Any CPU
	EndGlobalSection
	GlobalSection(SolutionProperties) = preSolution
		HideSolutionNode = FALSE
	EndGlobalSection
	GlobalSection(ExtensibilityGlobals) = postSolution
		SolutionGuid = {BEFC7752-18B6-457C-84D7-C1095302839F}
	EndGlobalSection
EndGlobal
